<Solution Description="Visual Studio slnx file generated by Premake" Version="1.4">
  <Configurations>
    <BuildType Name="Debug" />
    <BuildType Name="Release" />
    <Platform Name="x64" />
  </Configurations>
  <Project Path="CstdLib\CstdLib.vcxproj" Id="CA05EA3D-36E5-68D9-3FFD-F3AFAB5BCF3A" DefaultStartup="true">
  </Project>
</Solution>